<?xml version="1.0" encoding="utf-8"?>
<Project ToolsVersion="4.0" xmlns="http://schemas.microsoft.com/developer/msbuild/2003">
  <ItemGroup>
    <Filter Include="????">
      <UniqueIdentifier>{4FC737F1-C7A5-4376-A066-2A32D752A2FF}</UniqueIdentifier>
      <Extensions>cpp;c;cc;cxx;c++;cppm;ixx;def;odl;idl;hpj;bat;asm;asmx</Extensions>
    </Filter>
    <Filter Include="????">
      <UniqueIdentifier>{93995380-89BD-4b04-88EB-625FBE52EBFB}</UniqueIdentifier>
      <Extensions>h;hh;hpp;hxx;h++;hm;inl;inc;ipp;xsd</Extensions>
    </Filter>
    <Filter Include="??????">
      <UniqueIdentifier>{67DA6AB6-F800-4c08-8B7A-83BB121AAD01}</UniqueIdentifier>
      <Extensions>rc;ico;cur;bmp;dlg;rc2;rct;bin;rgs;gif;jpg;jpeg;jpe;resx;tiff;tif;png;wav;mfcribbon-ms</Extensions>
    </Filter>
  </ItemGroup>
  <ItemGroup>
    <ClCompile Include="AdbController.cpp" />
    <ClCompile Include="CachedController.cpp" />
    <ClCompile Include="CaptureService.cpp" />
    <ClCompile Include="CommonMath.cpp" />
    <ClCompile Include="Controller.cpp" />
    <ClCompile Include="main.cpp" />
    <ClCompile Include="MouseController.cpp" />
    <ClCompile Include="OcrApi.cpp" />
    <ClCompile Include="OpencvAPI.cpp" />
    <ClCompile Include="TaskManager.cpp" />
    <ClCompile Include="TaskRunner.cpp" />
    <ClCompile Include="WindowsGraphicsCapture.cpp" />
    <ClCompile Include="WindowCapture.cpp" />
    <ClCompile Include="WindowConfig.cpp" />
    <ClCompile Include="WindowController.cpp" />
  </ItemGroup>
  <ItemGroup>
    <ClInclude Include="AdbController.h" />
    <ClInclude Include="CachedController.h" />
    <ClInclude Include="CaptureService.h" />
    <ClInclude Include="CommonMath.h" />
    <ClInclude Include="Controller.h" />
    <ClInclude Include="MouseController.h" />
    <ClInclude Include="OcrApi.h" />
    <ClInclude Include="OpencvAPI.h" />
    <ClInclude Include="TaskManager.h" />
    <ClInclude Include="TaskRunner.h" />
    <ClInclude Include="WindowsGraphicsCapture.h" />
    <ClInclude Include="WindowCapture.h" />
    <ClInclude Include="WindowConfig.h" />
    <ClInclude Include="WindowController.h" />
  </ItemGroup>
  <ItemGroup>
    <None Include="config.json" />
    <None Include="HuoDong.json" />
    <None Include="Start.json" />
  </ItemGroup>
</Project>
